
Microsoft Visual Studio Solution File, Format Version 12.00
# Visual Studio Version 17
VisualStudioVersion = 17.12.35707.178 d17.12
MinimumVisualStudioVersion = 10.0.40219.1
Project("{FAE04EC0-301F-11D3-BF4B-00C04F79EFBC}") = "Server", "Server\Server.csproj", "{B6A2A281-CCCA-4D8E-B0A8-F47F29EEBE59}"
EndProject
Project("{54A90642-561A-4BB1-A94E-469ADEE60C69}") = "Client", "Client\Client.esproj", "{70046644-3613-418A-9F3F-95B359BFD60C}"
EndProject
Global
	GlobalSection(SolutionConfigurationPlatforms) = preSolution
		Debug|Any CPU = Debug|Any CPU
		Release|Any CPU = Release|Any CPU
	EndGlobalSection
	GlobalSection(ProjectConfigurationPlatforms) = postSolution
		{B6A2A281-CCCA-4D8E-B0A8-F47F29EEBE59}.Debug|Any CPU.ActiveCfg = Debug|Any CPU
		{B6A2A281-CCCA-4D8E-B0A8-F47F29EEBE59}.Debug|Any CPU.Build.0 = Debug|Any CPU
		{B6A2A281-CCCA-4D8E-B0A8-F47F29EEBE59}.Release|Any CPU.ActiveCfg = Release|Any CPU
		{B6A2A281-CCCA-4D8E-B0A8-F47F29EEBE59}.Release|Any CPU.Build.0 = Release|Any CPU
		{70046644-3613-418A-9F3F-95B359BFD60C}.Debug|Any CPU.ActiveCfg = Debug|Any CPU
		{70046644-3613-418A-9F3F-95B359BFD60C}.Debug|Any CPU.Build.0 = Debug|Any CPU
		{70046644-3613-418A-9F3F-95B359BFD60C}.Debug|Any CPU.Deploy.0 = Debug|Any CPU
		{70046644-3613-418A-9F3F-95B359BFD60C}.Release|Any CPU.ActiveCfg = Release|Any CPU
		{70046644-3613-418A-9F3F-95B359BFD60C}.Release|Any CPU.Build.0 = Release|Any CPU
		{70046644-3613-418A-9F3F-95B359BFD60C}.Release|Any CPU.Deploy.0 = Release|Any CPU
	EndGlobalSection
	GlobalSection(SolutionProperties) = preSolution
		HideSolutionNode = FALSE
	EndGlobalSection
EndGlobal
